
Microsoft Visual Studio Solution File, Format Version 12.00
# Visual Studio Version 16
VisualStudioVersion = 16.0.29613.14
MinimumVisualStudioVersion = 10.0.40219.1
Project("{F184B08F-C81C-45F6-A57F-5ABD9991F28F}") = "RBBRat", "RBBRat\RBBRat.vbproj", "{2D549B07-916B-4313-9A9D-A6F811420F16}"
EndProject
Project("{F184B08F-C81C-45F6-A57F-5ABD9991F28F}") = "Client", "Client\Client.vbproj", "{8F45292F-BB65-4526-A688-2951FA6E0368}"
EndProject
Global
	GlobalSection(SolutionConfigurationPlatforms) = preSolution
		Debug|Any CPU = Debug|Any CPU
		Release|Any CPU = Release|Any CPU
	EndGlobalSection
	GlobalSection(ProjectConfigurationPlatforms) = postSolution
		{2D549B07-916B-4313-9A9D-A6F811420F16}.Debug|Any CPU.ActiveCfg = Debug|Any CPU
		{2D549B07-916B-4313-9A9D-A6F811420F16}.Debug|Any CPU.Build.0 = Debug|Any CPU
		{2D549B07-916B-4313-9A9D-A6F811420F16}.Release|Any CPU.ActiveCfg = Release|Any CPU
		{2D549B07-916B-4313-9A9D-A6F811420F16}.Release|Any CPU.Build.0 = Release|Any CPU
		{8F45292F-BB65-4526-A688-2951FA6E0368}.Debug|Any CPU.ActiveCfg = Debug|Any CPU
		{8F45292F-BB65-4526-A688-2951FA6E0368}.Debug|Any CPU.Build.0 = Debug|Any CPU
		{8F45292F-BB65-4526-A688-2951FA6E0368}.Release|Any CPU.ActiveCfg = Release|Any CPU
		{8F45292F-BB65-4526-A688-2951FA6E0368}.Release|Any CPU.Build.0 = Release|Any CPU
	EndGlobalSection
	GlobalSection(SolutionProperties) = preSolution
		HideSolutionNode = FALSE
	EndGlobalSection
	GlobalSection(ExtensibilityGlobals) = postSolution
		SolutionGuid = {60014314-460F-41A0-A87A-2D6AB5CC5310}
	EndGlobalSection
EndGlobal
